// !$*UTF8*$!
{
	archiveVersion = 1;
	classes = {
	};
	objectVersion = 50;
	objects = {

/* Begin PBXBuildFile section */
		4149D1A6219D529B00955315 /* AppDelegate.m in Sources */ = {isa = PBXBuildFile; fileRef = 4149D1A5219D529B00955315 /* AppDelegate.m */; };
		4149D1A9219D529B00955315 /* ViewController.m in Sources */ = {isa = PBXBuildFile; fileRef = 4149D1A8219D529B00955315 /* ViewController.m */; };
		4149D1AC219D529B00955315 /* Main.storyboard in Resources */ = {isa = PBXBuildFile; fileRef = 4149D1AA219D529B00955315 /* Main.storyboard */; };
		4149D1AE219D529C00955315 /* Assets.xcassets in Resources */ = {isa = PBXBuildFile; fileRef = 4149D1AD219D529C00955315 /* Assets.xcassets */; };
		4149D1B1219D529C00955315 /* LaunchScreen.storyboard in Resources */ = {isa = PBXBuildFile; fileRef = 4149D1AF219D529C00955315 /* LaunchScreen.storyboard */; };
		4149D1B4219D529C00955315 /* main.m in Sources */ = {isa = PBXBuildFile; fileRef = 4149D1B3219D529C00955315 /* main.m */; };
		4149D1BE219D529D00955315 /* BaseProject_swiftTests.m in Sources */ = {isa = PBXBuildFile; fileRef = 4149D1BD219D529D00955315 /* BaseProject_swiftTests.m */; };
		4149D1C9219D529D00955315 /* BaseProject_swiftUITests.m in Sources */ = {isa = PBXBuildFile; fileRef = 4149D1C8219D529D00955315 /* BaseProject_swiftUITests.m */; };
/* End PBXBuildFile section */

/* Begin PBXContainerItemProxy section */
		4149D1BA219D529C00955315 /* PBXContainerItemProxy */ = {
			isa = PBXContainerItemProxy;
			containerPortal = 4149D199219D529B00955315 /* Project object */;
			proxyType = 1;
			remoteGlobalIDString = 4149D1A0219D529B00955315;
			remoteInfo = BaseProject_swift;
		};
		4149D1C5219D529D00955315 /* PBXContainerItemProxy */ = {
			isa = PBXContainerItemProxy;
			containerPortal = 4149D199219D529B00955315 /* Project object */;
			proxyType = 1;
			remoteGlobalIDString = 4149D1A0219D529B00955315;
			remoteInfo = BaseProject_swift;
		};
/* End PBXContainerItemProxy section */

/* Begin PBXFileReference section */
		4149D1A1219D529B00955315 /* BaseProject_swift.app */ = {isa = PBXFileReference; explicitFileType = wrapper.application; includeInIndex = 0; path = BaseProject_swift.app; sourceTree = BUILT_PRODUCTS_DIR; };
		4149D1A4219D529B00955315 /* AppDelegate.h */ = {isa = PBXFileReference; lastKnownFileType = sourcecode.c.h; path = AppDelegate.h; sourceTree = "<group>"; };
		4149D1A5219D529B00955315 /* AppDelegate.m */ = {isa = PBXFileReference; lastKnownFileType = sourcecode.c.objc; path = AppDelegate.m; sourceTree = "<group>"; };
		4149D1A7219D529B00955315 /* ViewController.h */ = {isa = PBXFileReference; lastKnownFileType = sourcecode.c.h; path = ViewController.h; sourceTree = "<group>"; };
		4149D1A8219D529B00955315 /* ViewController.m */ = {isa = PBXFileReference; lastKnownFileType = sourcecode.c.objc; path = ViewController.m; sourceTree = "<group>"; };
		4149D1AB219D529B00955315 /* Base */ = {isa = PBXFileReference; lastKnownFileType = file.storyboard; name = Base; path = Base.lproj/Main.storyboard; sourceTree = "<group>"; };
		4149D1AD219D529C00955315 /* Assets.xcassets */ = {isa = PBXFileReference; lastKnownFileType = folder.assetcatalog; path = Assets.xcassets; sourceTree = "<group>"; };
		4149D1B0219D529C00955315 /* Base */ = {isa = PBXFileReference; lastKnownFileType = file.storyboard; name = Base; path = Base.lproj/LaunchScreen.storyboard; sourceTree = "<group>"; };
		4149D1B2219D529C00955315 /* Info.plist */ = {isa = PBXFileReference; lastKnownFileType = text.plist.xml; path = Info.plist; sourceTree = "<group>"; };
		4149D1B3219D529C00955315 /* main.m */ = {isa = PBXFileReference; lastKnownFileType = sourcecode.c.objc; path = main.m; sourceTree = "<group>"; };
		4149D1B9219D529C00955315 /* BaseProject_swiftTests.xctest */ = {isa = PBXFileReference; explicitFileType = wrapper.cfbundle; includeInIndex = 0; path = BaseProject_swiftTests.xctest; sourceTree = BUILT_PRODUCTS_DIR; };
		4149D1BD219D529D00955315 /* BaseProject_swiftTests.m */ = {isa = PBXFileReference; lastKnownFileType = sourcecode.c.objc; path = BaseProject_swiftTests.m; sourceTree = "<group>"; };
		4149D1BF219D529D00955315 /* Info.plist */ = {isa = PBXFileReference; lastKnownFileType = text.plist.xml; path = Info.plist; sourceTree = "<group>"; };
		4149D1C4219D529D00955315 /* BaseProject_swiftUITests.xctest */ = {isa = PBXFileReference; explicitFileType = wrapper.cfbundle; includeInIndex = 0; path = BaseProject_swiftUITests.xctest; sourceTree = BUILT_PRODUCTS_DIR; };
		4149D1C8219D529D00955315 /* BaseProject_swiftUITests.m */ = {isa = PBXFileReference; lastKnownFileType = sourcecode.c.objc; path = BaseProject_swiftUITests.m; sourceTree = "<group>"; };
		4149D1CA219D529D00955315 /* Info.plist */ = {isa = PBXFileReference; lastKnownFileType = text.plist.xml; path = Info.plist; sourceTree = "<group>"; };
/* End PBXFileReference section */

/* Begin PBXFrameworksBuildPhase section */
		4149D19E219D529B00955315 /* Frameworks */ = {
			isa = PBXFrameworksBuildPhase;
			buildActionMask = 2147483647;
			files = (
			);
			runOnlyForDeploymentPostprocessing = 0;
		};
		4149D1B6219D529C00955315 /* Frameworks */ = {
			isa = PBXFrameworksBuildPhase;
			buildActionMask = 2147483647;
			files = (
			);
			runOnlyForDeploymentPostprocessing = 0;
		};
		4149D1C1219D529D00955315 /* Frameworks */ = {
			isa = PBXFrameworksBuildPhase;
			buildActionMask = 2147483647;
			files = (
			);
			runOnlyForDeploymentPostprocessing = 0;
		};
/* End PBXFrameworksBuildPhase section */

/* Begin PBXGroup section */
		4149D198219D529B00955315 = {
			isa = PBXGroup;
			children = (
				4149D1A3219D529B00955315 /* BaseProject_swift */,
				4149D1BC219D529D00955315 /* BaseProject_swiftTests */,
				4149D1C7219D529D00955315 /* BaseProject_swiftUITests */,
				4149D1A2219D529B00955315 /* Products */,
			);
			sourceTree = "<group>";
		};
		4149D1A2219D529B00955315 /* Products */ = {
			isa = PBXGroup;
			children = (
				4149D1A1219D529B00955315 /* BaseProject_swift.app */,
				4149D1B9219D529C00955315 /* BaseProject_swiftTests.xctest */,
				4149D1C4219D529D00955315 /* BaseProject_swiftUITests.xctest */,
			);
			name = Products;
			sourceTree = "<group>";
		};
		4149D1A3219D529B00955315 /* BaseProject_swift */ = {
			isa = PBXGroup;
			children = (
				4149D1A4219D529B00955315 /* AppDelegate.h */,
				4149D1A5219D529B00955315 /* AppDelegate.m */,
				4149D1A7219D529B00955315 /* ViewController.h */,
				4149D1A8219D529B00955315 /* ViewController.m */,
				4149D1AA219D529B00955315 /* Main.storyboard */,
				4149D1AD219D529C00955315 /* Assets.xcassets */,
				4149D1AF219D529C00955315 /* LaunchScreen.storyboard */,
				4149D1B2219D529C00955315 /* Info.plist */,
				4149D1B3219D529C00955315 /* main.m */,
			);
			path = BaseProject_swift;
			sourceTree = "<group>";
		};
		4149D1BC219D529D00955315 /* BaseProject_swiftTests */ = {
			isa = PBXGroup;
			children = (
				4149D1BD219D529D00955315 /* BaseProject_swiftTests.m */,
				4149D1BF219D529D00955315 /* Info.plist */,
			);
			path = BaseProject_swiftTests;
			sourceTree = "<group>";
		};
		4149D1C7219D529D00955315 /* BaseProject_swiftUITests */ = {
			isa = PBXGroup;
			children = (
				4149D1C8219D529D00955315 /* BaseProject_swiftUITests.m */,
				4149D1CA219D529D00955315 /* Info.plist */,
			);
			path = BaseProject_swiftUITests;
			sourceTree = "<group>";
		};
/* End PBXGroup section */

/* Begin PBXNativeTarget section */
		4149D1A0219D529B00955315 /* BaseProject_swift */ = {
			isa = PBXNativeTarget;
			buildConfigurationList = 4149D1CD219D529D00955315 /* Build configuration list for PBXNativeTarget "BaseProject_swift" */;
			buildPhases = (
				4149D19D219D529B00955315 /* Sources */,
				4149D19E219D529B00955315 /* Frameworks */,
				4149D19F219D529B00955315 /* Resources */,
			);
			buildRules = (
			);
			dependencies = (
			);
			name = BaseProject_swift;
			productName = BaseProject_swift;
			productReference = 4149D1A1219D529B00955315 /* BaseProject_swift.app */;
			productType = "com.apple.product-type.application";
		};
		4149D1B8219D529C00955315 /* BaseProject_swiftTests */ = {
			isa = PBXNativeTarget;
			buildConfigurationList = 4149D1D0219D529D00955315 /* Build configuration list for PBXNativeTarget "BaseProject_swiftTests" */;
			buildPhases = (
				4149D1B5219D529C00955315 /* Sources */,
				4149D1B6219D529C00955315 /* Frameworks */,
				4149D1B7219D529C00955315 /* Resources */,
			);
			buildRules = (
			);
			dependencies = (
				4149D1BB219D529C00955315 /* PBXTargetDependency */,
			);
			name = BaseProject_swiftTests;
			productName = BaseProject_swiftTests;
			productReference = 4149D1B9219D529C00955315 /* BaseProject_swiftTests.xctest */;
			productType = "com.apple.product-type.bundle.unit-test";
		};
		4149D1C3219D529D00955315 /* BaseProject_swiftUITests */ = {
			isa = PBXNativeTarget;
			buildConfigurationList = 4149D1D3219D529D00955315 /* Build configuration list for PBXNativeTarget "BaseProject_swiftUITests" */;
			buildPhases = (
				4149D1C0219D529D00955315 /* Sources */,
				4149D1C1219D529D00955315 /* Frameworks */,
				4149D1C2219D529D00955315 /* Resources */,
			);
			buildRules = (
			);
			dependencies = (
				4149D1C6219D529D00955315 /* PBXTargetDependency */,
			);
			name = BaseProject_swiftUITests;
			productName = BaseProject_swiftUITests;
			productReference = 4149D1C4219D529D00955315 /* BaseProject_swiftUITests.xctest */;
			productType = "com.apple.product-type.bundle.ui-testing";
		};
/* End PBXNativeTarget section */

/* Begin PBXProject section */
		4149D199219D529B00955315 /* Project object */ = {
			isa = PBXProject;
			attributes = {
				LastUpgradeCheck = 1010;
				ORGANIZATIONNAME = Aka;
				TargetAttributes = {
					4149D1A0219D529B00955315 = {
						CreatedOnToolsVersion = 10.1;
					};
					4149D1B8219D529C00955315 = {
						CreatedOnToolsVersion = 10.1;
						TestTargetID = 4149D1A0219D529B00955315;
					};
					4149D1C3219D529D00955315 = {
						CreatedOnToolsVersion = 10.1;
						TestTargetID = 4149D1A0219D529B00955315;
					};
				};
			};
			buildConfigurationList = 4149D19C219D529B00955315 /* Build configuration list for PBXProject "BaseProject_swift" */;
			compatibilityVersion = "Xcode 9.3";
			developmentRegion = en;
			hasScannedForEncodings = 0;
			knownRegions = (
				en,
				Base,
			);
			mainGroup = 4149D198219D529B00955315;
			productRefGroup = 4149D1A2219D529B00955315 /* Products */;
			projectDirPath = "";
			projectRoot = "";
			targets = (
				4149D1A0219D529B00955315 /* BaseProject_swift */,
				4149D1B8219D529C00955315 /* BaseProject_swiftTests */,
				4149D1C3219D529D00955315 /* BaseProject_swiftUITests */,
			);
		};
/* End PBXProject section */

/* Begin PBXResourcesBuildPhase section */
		4149D19F219D529B00955315 /* Resources */ = {
			isa = PBXResourcesBuildPhase;
			buildActionMask = 2147483647;
			files = (
				4149D1B1219D529C00955315 /* LaunchScreen.storyboard in Resources */,
				4149D1AE219D529C00955315 /* Assets.xcassets in Resources */,
				4149D1AC219D529B00955315 /* Main.storyboard in Resources */,
			);
			runOnlyForDeploymentPostprocessing = 0;
		};
		4149D1B7219D529C00955315 /* Resources */ = {
			isa = PBXResourcesBuildPhase;
			buildActionMask = 2147483647;
			files = (
			);
			runOnlyForDeploymentPostprocessing = 0;
		};
		4149D1C2219D529D00955315 /* Resources */ = {
			isa = PBXResourcesBuildPhase;
			buildActionMask = 2147483647;
			files = (
			);
			runOnlyForDeploymentPostprocessing = 0;
		};
/* End PBXResourcesBuildPhase section */

/* Begin PBXSourcesBuildPhase section */
		4149D19D219D529B00955315 /* Sources */ = {
			isa = PBXSourcesBuildPhase;
			buildActionMask = 2147483647;
			files = (
				4149D1A9219D529B00955315 /* ViewController.m in Sources */,
				4149D1B4219D529C00955315 /* main.m in Sources */,
				4149D1A6219D529B00955315 /* AppDelegate.m in Sources */,
			);
			runOnlyForDeploymentPostprocessing = 0;
		};
		4149D1B5219D529C00955315 /* Sources */ = {
			isa = PBXSourcesBuildPhase;
			buildActionMask = 2147483647;
			files = (
				4149D1BE219D529D00955315 /* BaseProject_swiftTests.m in Sources */,
			);
			runOnlyForDeploymentPostprocessing = 0;
		};
		4149D1C0219D529D00955315 /* Sources */ = {
			isa = PBXSourcesBuildPhase;
			buildActionMask = 2147483647;
			files = (
				4149D1C9219D529D00955315 /* BaseProject_swiftUITests.m in Sources */,
			);
			runOnlyForDeploymentPostprocessing = 0;
		};
/* End PBXSourcesBuildPhase section */

/* Begin PBXTargetDependency section */
		4149D1BB219D529C00955315 /* PBXTargetDependency */ = {
			isa = PBXTargetDependency;
			target = 4149D1A0219D529B00955315 /* BaseProject_swift */;
			targetProxy = 4149D1BA219D529C00955315 /* PBXContainerItemProxy */;
		};
		4149D1C6219D529D00955315 /* PBXTargetDependency */ = {
			isa = PBXTargetDependency;
			target = 4149D1A0219D529B00955315 /* BaseProject_swift */;
			targetProxy = 4149D1C5219D529D00955315 /* PBXContainerItemProxy */;
		};
/* End PBXTargetDependency section */

/* Begin PBXVariantGroup section */
		4149D1AA219D529B00955315 /* Main.storyboard */ = {
			isa = PBXVariantGroup;
			children = (
				4149D1AB219D529B00955315 /* Base */,
			);
			name = Main.storyboard;
			sourceTree = "<group>";
		};
		4149D1AF219D529C00955315 /* LaunchScreen.storyboard */ = {
			isa = PBXVariantGroup;
			children = (
				4149D1B0219D529C00955315 /* Base */,
			);
			name = LaunchScreen.storyboard;
			sourceTree = "<group>";
		};
/* End PBXVariantGroup section */

/* Begin XCBuildConfiguration section */
		4149D1CB219D529D00955315 /* Debug */ = {
			isa = XCBuildConfiguration;
			buildSettings = {
				ALWAYS_SEARCH_USER_PATHS = NO;
				CLANG_ANALYZER_NONNULL = YES;
				CLANG_ANALYZER_NUMBER_OBJECT_CONVERSION = YES_AGGRESSIVE;
				CLANG_CXX_LANGUAGE_STANDARD = "gnu++14";
				CLANG_CXX_LIBRARY = "libc++";
				CLANG_ENABLE_MODULES = YES;
				CLANG_ENABLE_OBJC_ARC = YES;
				CLANG_ENABLE_OBJC_WEAK = YES;
				CLANG_WARN_BLOCK_CAPTURE_AUTORELEASING = YES;
				CLANG_WARN_BOOL_CONVERSION = YES;
				CLANG_WARN_COMMA = YES;
				CLANG_WARN_CONSTANT_CONVERSION = YES;
				CLANG_WARN_DEPRECATED_OBJC_IMPLEMENTATIONS = YES;
				CLANG_WARN_DIRECT_OBJC_ISA_USAGE = YES_ERROR;
				CLANG_WARN_DOCUMENTATION_COMMENTS = YES;
				CLANG_WARN_EMPTY_BODY = YES;
				CLANG_WARN_ENUM_CONVERSION = YES;
				CLANG_WARN_INFINITE_RECURSION = YES;
				CLANG_WARN_INT_CONVERSION = YES;
				CLANG_WARN_NON_LITERAL_NULL_CONVERSION = YES;
				CLANG_WARN_OBJC_IMPLICIT_RETAIN_SELF = YES;
				CLANG_WARN_OBJC_LITERAL_CONVERSION = YES;
				CLANG_WARN_OBJC_ROOT_CLASS = YES_ERROR;
				CLANG_WARN_RANGE_LOOP_ANALYSIS = YES;
				CLANG_WARN_STRICT_PROTOTYPES = YES;
				CLANG_WARN_SUSPICIOUS_MOVE = YES;
				CLANG_WARN_UNGUARDED_AVAILABILITY = YES_AGGRESSIVE;
				CLANG_WARN_UNREACHABLE_CODE = YES;
				CLANG_WARN__DUPLICATE_METHOD_MATCH = YES;
				CODE_SIGN_IDENTITY = "iPhone Developer";
				COPY_PHASE_STRIP = NO;
				DEBUG_INFORMATION_FORMAT = dwarf;
				ENABLE_STRICT_OBJC_MSGSEND = YES;
				ENABLE_TESTABILITY = YES;
				GCC_C_LANGUAGE_STANDARD = gnu11;
				GCC_DYNAMIC_NO_PIC = NO;
				GCC_NO_COMMON_BLOCKS = YES;
				GCC_OPTIMIZATION_LEVEL = 0;
				GCC_PREPROCESSOR_DEFINITIONS = (
					"DEBUG=1",
					"$(inherited)",
				);
				GCC_WARN_64_TO_32_BIT_CONVERSION = YES;
				GCC_WARN_ABOUT_RETURN_TYPE = YES_ERROR;
				GCC_WARN_UNDECLARED_SELECTOR = YES;
				GCC_WARN_UNINITIALIZED_AUTOS = YES_AGGRESSIVE;
				GCC_WARN_UNUSED_FUNCTION = YES;
				GCC_WARN_UNUSED_VARIABLE = YES;
				IPHONEOS_DEPLOYMENT_TARGET = 12.1;
				MTL_ENABLE_DEBUG_INFO = INCLUDE_SOURCE;
				MTL_FAST_MATH = YES;
				ONLY_ACTIVE_ARCH = YES;
				SDKROOT = iphoneos;
			};
			name = Debug;
		};
		4149D1CC219D529D00955315 /* Release */ = {
			isa = XCBuildConfiguration;
			buildSettings = {
				ALWAYS_SEARCH_USER_PATHS = NO;
				CLANG_ANALYZER_NONNULL = YES;
				CLANG_ANALYZER_NUMBER_OBJECT_CONVERSION = YES_AGGRESSIVE;
				CLANG_CXX_LANGUAGE_STANDARD = "gnu++14";
				CLANG_CXX_LIBRARY = "libc++";
				CLANG_ENABLE_MODULES = YES;
				CLANG_ENABLE_OBJC_ARC = YES;
				CLANG_ENABLE_OBJC_WEAK = YES;
				CLANG_WARN_BLOCK_CAPTURE_AUTORELEASING = YES;
				CLANG_WARN_BOOL_CONVERSION = YES;
				CLANG_WARN_COMMA = YES;
				CLANG_WARN_CONSTANT_CONVERSION = YES;
				CLANG_WARN_DEPRECATED_OBJC_IMPLEMENTATIONS = YES;
				CLANG_WARN_DIRECT_OBJC_ISA_USAGE = YES_ERROR;
				CLANG_WARN_DOCUMENTATION_COMMENTS = YES;
				CLANG_WARN_EMPTY_BODY = YES;
				CLANG_WARN_ENUM_CONVERSION = YES;
				CLANG_WARN_INFINITE_RECURSION = YES;
				CLANG_WARN_INT_CONVERSION = YES;
				CLANG_WARN_NON_LITERAL_NULL_CONVERSION = YES;
				CLANG_WARN_OBJC_IMPLICIT_RETAIN_SELF = YES;
				CLANG_WARN_OBJC_LITERAL_CONVERSION = YES;
				CLANG_WARN_OBJC_ROOT_CLASS = YES_ERROR;
				CLANG_WARN_RANGE_LOOP_ANALYSIS = YES;
				CLANG_WARN_STRICT_PROTOTYPES = YES;
				CLANG_WARN_SUSPICIOUS_MOVE = YES;
				CLANG_WARN_UNGUARDED_AVAILABILITY = YES_AGGRESSIVE;
				CLANG_WARN_UNREACHABLE_CODE = YES;
				CLANG_WARN__DUPLICATE_METHOD_MATCH = YES;
				CODE_SIGN_IDENTITY = "iPhone Developer";
				COPY_PHASE_STRIP = NO;
				DEBUG_INFORMATION_FORMAT = "dwarf-with-dsym";
				ENABLE_NS_ASSERTIONS = NO;
				ENABLE_STRICT_OBJC_MSGSEND = YES;
				GCC_C_LANGUAGE_STANDARD = gnu11;
				GCC_NO_COMMON_BLOCKS = YES;
				GCC_WARN_64_TO_32_BIT_CONVERSION = YES;
				GCC_WARN_ABOUT_RETURN_TYPE = YES_ERROR;
				GCC_WARN_UNDECLARED_SELECTOR = YES;
				GCC_WARN_UNINITIALIZED_AUTOS = YES_AGGRESSIVE;
				GCC_WARN_UNUSED_FUNCTION = YES;
				GCC_WARN_UNUSED_VARIABLE = YES;
				IPHONEOS_DEPLOYMENT_TARGET = 12.1;
				MTL_ENABLE_DEBUG_INFO = NO;
				MTL_FAST_MATH = YES;
				SDKROOT = iphoneos;
				VALIDATE_PRODUCT = YES;
			};
			name = Release;
		};
		4149D1CE219D529D00955315 /* Debug */ = {
			isa = XCBuildConfiguration;
			buildSettings = {
				ASSETCATALOG_COMPILER_APPICON_NAME = AppIcon;
				CODE_SIGN_STYLE = Automatic;
				INFOPLIST_FILE = BaseProject_swift/Info.plist;
				LD_RUNPATH_SEARCH_PATHS = (
					"$(inherited)",
					"@executable_path/Frameworks",
				);
				PRODUCT_BUNDLE_IDENTIFIER = "com.helinyu.music.BaseProject-swift";
				PRODUCT_NAME = "$(TARGET_NAME)";
				TARGETED_DEVICE_FAMILY = "1,2";
			};
			name = Debug;
		};
		4149D1CF219D529D00955315 /* Release */ = {
			isa = XCBuildConfiguration;
			buildSettings = {
				ASSETCATALOG_COMPILER_APPICON_NAME = AppIcon;
				CODE_SIGN_STYLE = Automatic;
				INFOPLIST_FILE = BaseProject_swift/Info.plist;
				LD_RUNPATH_SEARCH_PATHS = (
					"$(inherited)",
					"@executable_path/Frameworks",
				);
				PRODUCT_BUNDLE_IDENTIFIER = "com.helinyu.music.BaseProject-swift";
				PRODUCT_NAME = "$(TARGET_NAME)";
				TARGETED_DEVICE_FAMILY = "1,2";
			};
			name = Release;
		};
		4149D1D1219D529D00955315 /* Debug */ = {
			isa = XCBuildConfiguration;
			buildSettings = {
				BUNDLE_LOADER = "$(TEST_HOST)";
				CODE_SIGN_STYLE = Automatic;
				INFOPLIST_FILE = BaseProject_swiftTests/Info.plist;
				LD_RUNPATH_SEARCH_PATHS = (
					"$(inherited)",
					"@executable_path/Frameworks",
					"@loader_path/Frameworks",
				);
				PRODUCT_BUNDLE_IDENTIFIER = "com.helinyu.music.BaseProject-swiftTests";
				PRODUCT_NAME = "$(TARGET_NAME)";
				TARGETED_DEVICE_FAMILY = "1,2";
				TEST_HOST = "$(BUILT_PRODUCTS_DIR)/BaseProject_swift.app/BaseProject_swift";
			};
			name = Debug;
		};
		4149D1D2219D529D00955315 /* Release */ = {
			isa = XCBuildConfiguration;
			buildSettings = {
				BUNDLE_LOADER = "$(TEST_HOST)";
				CODE_SIGN_STYLE = Automatic;
				INFOPLIST_FILE = BaseProject_swiftTests/Info.plist;
				LD_RUNPATH_SEARCH_PATHS = (
					"$(inherited)",
					"@executable_path/Frameworks",
					"@loader_path/Frameworks",
				);
				PRODUCT_BUNDLE_IDENTIFIER = "com.helinyu.music.BaseProject-swiftTests";
				PRODUCT_NAME = "$(TARGET_NAME)";
				TARGETED_DEVICE_FAMILY = "1,2";
				TEST_HOST = "$(BUILT_PRODUCTS_DIR)/BaseProject_swift.app/BaseProject_swift";
			};
			name = Release;
		};
		4149D1D4219D529D00955315 /* Debug */ = {
			isa = XCBuildConfiguration;
			buildSettings = {
				CODE_SIGN_STYLE = Automatic;
				INFOPLIST_FILE = BaseProject_swiftUITests/Info.plist;
				LD_RUNPATH_SEARCH_PATHS = (
					"$(inherited)",
					"@executable_path/Frameworks",
					"@loader_path/Frameworks",
				);
				PRODUCT_BUNDLE_IDENTIFIER = "com.helinyu.music.BaseProject-swiftUITests";
				PRODUCT_NAME = "$(TARGET_NAME)";
				TARGETED_DEVICE_FAMILY = "1,2";
				TEST_TARGET_NAME = BaseProject_swift;
			};
			name = Debug;
		};
		4149D1D5219D529D00955315 /* Release */ = {
			isa = XCBuildConfiguration;
			buildSettings = {
				CODE_SIGN_STYLE = Automatic;
				INFOPLIST_FILE = BaseProject_swiftUITests/Info.plist;
				LD_RUNPATH_SEARCH_PATHS = (
					"$(inherited)",
					"@executable_path/Frameworks",
					"@loader_path/Frameworks",
				);
				PRODUCT_BUNDLE_IDENTIFIER = "com.helinyu.music.BaseProject-swiftUITests";
				PRODUCT_NAME = "$(TARGET_NAME)";
				TARGETED_DEVICE_FAMILY = "1,2";
				TEST_TARGET_NAME = BaseProject_swift;
			};
			name = Release;
		};
/* End XCBuildConfiguration section */

/* Begin XCConfigurationList section */
		4149D19C219D529B00955315 /* Build configuration list for PBXProject "BaseProject_swift" */ = {
			isa = XCConfigurationList;
			buildConfigurations = (
				4149D1CB219D529D00955315 /* Debug */,
				4149D1CC219D529D00955315 /* Release */,
			);
			defaultConfigurationIsVisible = 0;
			defaultConfigurationName = Release;
		};
		4149D1CD219D529D00955315 /* Build configuration list for PBXNativeTarget "BaseProject_swift" */ = {
			isa = XCConfigurationList;
			buildConfigurations = (
				4149D1CE219D529D00955315 /* Debug */,
				4149D1CF219D529D00955315 /* Release */,
			);
			defaultConfigurationIsVisible = 0;
			defaultConfigurationName = Release;
		};
		4149D1D0219D529D00955315 /* Build configuration list for PBXNativeTarget "BaseProject_swiftTests" */ = {
			isa = XCConfigurationList;
			buildConfigurations = (
				4149D1D1219D529D00955315 /* Debug */,
				4149D1D2219D529D00955315 /* Release */,
			);
			defaultConfigurationIsVisible = 0;
			defaultConfigurationName = Release;
		};
		4149D1D3219D529D00955315 /* Build configuration list for PBXNativeTarget "BaseProject_swiftUITests" */ = {
			isa = XCConfigurationList;
			buildConfigurations = (
				4149D1D4219D529D00955315 /* Debug */,
				4149D1D5219D529D00955315 /* Release */,
			);
			defaultConfigurationIsVisible = 0;
			defaultConfigurationName = Release;
		};
/* End XCConfigurationList section */
	};
	rootObject = 4149D199219D529B00955315 /* Project object */;
}
