// !$*UTF8*$!
{
	archiveVersion = 1;
	classes = {
	};
	objectVersion = 50;
	objects = {

/* Begin PBXBuildFile section */
		24DFA326E9C7BD42E23B07B1 /* Pods_BaseProject_OC.framework in Frameworks */ = {isa = PBXBuildFile; fileRef = 0CE22A258AD959775929CA30 /* Pods_BaseProject_OC.framework */; };
		4149D168219D528200955315 /* AppDelegate.m in Sources */ = {isa = PBXBuildFile; fileRef = 4149D167219D528200955315 /* AppDelegate.m */; };
		4149D16B219D528200955315 /* ViewController.m in Sources */ = {isa = PBXBuildFile; fileRef = 4149D16A219D528200955315 /* ViewController.m */; };
		4149D16E219D528200955315 /* Main.storyboard in Resources */ = {isa = PBXBuildFile; fileRef = 4149D16C219D528200955315 /* Main.storyboard */; };
		4149D170219D528400955315 /* Assets.xcassets in Resources */ = {isa = PBXBuildFile; fileRef = 4149D16F219D528400955315 /* Assets.xcassets */; };
		4149D173219D528400955315 /* LaunchScreen.storyboard in Resources */ = {isa = PBXBuildFile; fileRef = 4149D171219D528400955315 /* LaunchScreen.storyboard */; };
		4149D176219D528400955315 /* main.m in Sources */ = {isa = PBXBuildFile; fileRef = 4149D175219D528400955315 /* main.m */; };
		4149D180219D528400955315 /* BaseProject_OCTests.m in Sources */ = {isa = PBXBuildFile; fileRef = 4149D17F219D528400955315 /* BaseProject_OCTests.m */; };
		4149D18B219D528400955315 /* BaseProject_OCUITests.m in Sources */ = {isa = PBXBuildFile; fileRef = 4149D18A219D528400955315 /* BaseProject_OCUITests.m */; };
		4149D1DB219D57B200955315 /* BPBaseViewController.m in Sources */ = {isa = PBXBuildFile; fileRef = 4149D1DA219D57B200955315 /* BPBaseViewController.m */; };
		4149D1DE219D57CC00955315 /* BPWebViewController.m in Sources */ = {isa = PBXBuildFile; fileRef = 4149D1DD219D57CC00955315 /* BPWebViewController.m */; };
		4149D1E1219D590500955315 /* BPWebView.m in Sources */ = {isa = PBXBuildFile; fileRef = 4149D1E0219D590500955315 /* BPWebView.m */; };
		4149D1E7219D5AAE00955315 /* BPBaseView.m in Sources */ = {isa = PBXBuildFile; fileRef = 4149D1E6219D5AAE00955315 /* BPBaseView.m */; };
		4149D1EA219D72D600955315 /* UIView+YYAdd.m in Sources */ = {isa = PBXBuildFile; fileRef = 4149D1E9219D72D600955315 /* UIView+YYAdd.m */; };
		417C34D621A25BD2005ABC3F /* BPAudioViewController.m in Sources */ = {isa = PBXBuildFile; fileRef = 417C34D521A25BD2005ABC3F /* BPAudioViewController.m */; };
		417C34D921A25BFF005ABC3F /* BPAudioView.m in Sources */ = {isa = PBXBuildFile; fileRef = 417C34D821A25BFF005ABC3F /* BPAudioView.m */; };
		417C34DC21A25DCD005ABC3F /* BPIMAudioTCell.m in Sources */ = {isa = PBXBuildFile; fileRef = 417C34DB21A25DCD005ABC3F /* BPIMAudioTCell.m */; };
		417C34DF21A26107005ABC3F /* BPRecordAudioMgr.m in Sources */ = {isa = PBXBuildFile; fileRef = 417C34DE21A26107005ABC3F /* BPRecordAudioMgr.m */; };
		417C34E221A290E9005ABC3F /* BPPlayAudioMgr.m in Sources */ = {isa = PBXBuildFile; fileRef = 417C34E121A290E9005ABC3F /* BPPlayAudioMgr.m */; };
		99EF20E93222DDF813197BDE /* Pods_BaseProject_OCTests.framework in Frameworks */ = {isa = PBXBuildFile; fileRef = F36577A255FB33F043086919 /* Pods_BaseProject_OCTests.framework */; };
		C691EC1850D93D40B58852DF /* Pods_BaseProject_OCUITests.framework in Frameworks */ = {isa = PBXBuildFile; fileRef = 14B658A026F0F7D9613B791F /* Pods_BaseProject_OCUITests.framework */; };
/* End PBXBuildFile section */

/* Begin PBXContainerItemProxy section */
		4149D17C219D528400955315 /* PBXContainerItemProxy */ = {
			isa = PBXContainerItemProxy;
			containerPortal = 4149D15B219D528200955315 /* Project object */;
			proxyType = 1;
			remoteGlobalIDString = 4149D162219D528200955315;
			remoteInfo = BaseProject_OC;
		};
		4149D187219D528400955315 /* PBXContainerItemProxy */ = {
			isa = PBXContainerItemProxy;
			containerPortal = 4149D15B219D528200955315 /* Project object */;
			proxyType = 1;
			remoteGlobalIDString = 4149D162219D528200955315;
			remoteInfo = BaseProject_OC;
		};
/* End PBXContainerItemProxy section */

/* Begin PBXFileReference section */
		0CE22A258AD959775929CA30 /* Pods_BaseProject_OC.framework */ = {isa = PBXFileReference; explicitFileType = wrapper.framework; includeInIndex = 0; path = Pods_BaseProject_OC.framework; sourceTree = BUILT_PRODUCTS_DIR; };
		14B658A026F0F7D9613B791F /* Pods_BaseProject_OCUITests.framework */ = {isa = PBXFileReference; explicitFileType = wrapper.framework; includeInIndex = 0; path = Pods_BaseProject_OCUITests.framework; sourceTree = BUILT_PRODUCTS_DIR; };
		1B7416214C1F2E40CB0E1753 /* Pods-BaseProject_OCTests.debug.xcconfig */ = {isa = PBXFileReference; includeInIndex = 1; lastKnownFileType = text.xcconfig; name = "Pods-BaseProject_OCTests.debug.xcconfig"; path = "Pods/Target Support Files/Pods-BaseProject_OCTests/Pods-BaseProject_OCTests.debug.xcconfig"; sourceTree = "<group>"; };
		2CBE1E9A2D6DBE69A52BC515 /* Pods-BaseProject_OCTests.release.xcconfig */ = {isa = PBXFileReference; includeInIndex = 1; lastKnownFileType = text.xcconfig; name = "Pods-BaseProject_OCTests.release.xcconfig"; path = "Pods/Target Support Files/Pods-BaseProject_OCTests/Pods-BaseProject_OCTests.release.xcconfig"; sourceTree = "<group>"; };
		362B8F6BF7A7CCD1271ADA96 /* Pods-BaseProject_OCUITests.debug.xcconfig */ = {isa = PBXFileReference; includeInIndex = 1; lastKnownFileType = text.xcconfig; name = "Pods-BaseProject_OCUITests.debug.xcconfig"; path = "Pods/Target Support Files/Pods-BaseProject_OCUITests/Pods-BaseProject_OCUITests.debug.xcconfig"; sourceTree = "<group>"; };
		3841D716992B2ED7202C028A /* Pods-BaseProject_OCUITests.release.xcconfig */ = {isa = PBXFileReference; includeInIndex = 1; lastKnownFileType = text.xcconfig; name = "Pods-BaseProject_OCUITests.release.xcconfig"; path = "Pods/Target Support Files/Pods-BaseProject_OCUITests/Pods-BaseProject_OCUITests.release.xcconfig"; sourceTree = "<group>"; };
		4149D163219D528200955315 /* BaseProject_OC.app */ = {isa = PBXFileReference; explicitFileType = wrapper.application; includeInIndex = 0; path = BaseProject_OC.app; sourceTree = BUILT_PRODUCTS_DIR; };
		4149D166219D528200955315 /* AppDelegate.h */ = {isa = PBXFileReference; lastKnownFileType = sourcecode.c.h; path = AppDelegate.h; sourceTree = "<group>"; };
		4149D167219D528200955315 /* AppDelegate.m */ = {isa = PBXFileReference; lastKnownFileType = sourcecode.c.objc; path = AppDelegate.m; sourceTree = "<group>"; };
		4149D169219D528200955315 /* ViewController.h */ = {isa = PBXFileReference; lastKnownFileType = sourcecode.c.h; path = ViewController.h; sourceTree = "<group>"; };
		4149D16A219D528200955315 /* ViewController.m */ = {isa = PBXFileReference; lastKnownFileType = sourcecode.c.objc; path = ViewController.m; sourceTree = "<group>"; };
		4149D16D219D528200955315 /* Base */ = {isa = PBXFileReference; lastKnownFileType = file.storyboard; name = Base; path = Base.lproj/Main.storyboard; sourceTree = "<group>"; };
		4149D16F219D528400955315 /* Assets.xcassets */ = {isa = PBXFileReference; lastKnownFileType = folder.assetcatalog; path = Assets.xcassets; sourceTree = "<group>"; };
		4149D172219D528400955315 /* Base */ = {isa = PBXFileReference; lastKnownFileType = file.storyboard; name = Base; path = Base.lproj/LaunchScreen.storyboard; sourceTree = "<group>"; };
		4149D174219D528400955315 /* Info.plist */ = {isa = PBXFileReference; lastKnownFileType = text.plist.xml; path = Info.plist; sourceTree = "<group>"; };
		4149D175219D528400955315 /* main.m */ = {isa = PBXFileReference; lastKnownFileType = sourcecode.c.objc; path = main.m; sourceTree = "<group>"; };
		4149D17B219D528400955315 /* BaseProject_OCTests.xctest */ = {isa = PBXFileReference; explicitFileType = wrapper.cfbundle; includeInIndex = 0; path = BaseProject_OCTests.xctest; sourceTree = BUILT_PRODUCTS_DIR; };
		4149D17F219D528400955315 /* BaseProject_OCTests.m */ = {isa = PBXFileReference; lastKnownFileType = sourcecode.c.objc; path = BaseProject_OCTests.m; sourceTree = "<group>"; };
		4149D181219D528400955315 /* Info.plist */ = {isa = PBXFileReference; lastKnownFileType = text.plist.xml; path = Info.plist; sourceTree = "<group>"; };
		4149D186219D528400955315 /* BaseProject_OCUITests.xctest */ = {isa = PBXFileReference; explicitFileType = wrapper.cfbundle; includeInIndex = 0; path = BaseProject_OCUITests.xctest; sourceTree = BUILT_PRODUCTS_DIR; };
		4149D18A219D528400955315 /* BaseProject_OCUITests.m */ = {isa = PBXFileReference; lastKnownFileType = sourcecode.c.objc; path = BaseProject_OCUITests.m; sourceTree = "<group>"; };
		4149D18C219D528400955315 /* Info.plist */ = {isa = PBXFileReference; lastKnownFileType = text.plist.xml; path = Info.plist; sourceTree = "<group>"; };
		4149D1D9219D57B200955315 /* BPBaseViewController.h */ = {isa = PBXFileReference; lastKnownFileType = sourcecode.c.h; path = BPBaseViewController.h; sourceTree = "<group>"; };
		4149D1DA219D57B200955315 /* BPBaseViewController.m */ = {isa = PBXFileReference; lastKnownFileType = sourcecode.c.objc; path = BPBaseViewController.m; sourceTree = "<group>"; };
		4149D1DC219D57CC00955315 /* BPWebViewController.h */ = {isa = PBXFileReference; lastKnownFileType = sourcecode.c.h; path = BPWebViewController.h; sourceTree = "<group>"; };
		4149D1DD219D57CC00955315 /* BPWebViewController.m */ = {isa = PBXFileReference; lastKnownFileType = sourcecode.c.objc; path = BPWebViewController.m; sourceTree = "<group>"; };
		4149D1DF219D590500955315 /* BPWebView.h */ = {isa = PBXFileReference; lastKnownFileType = sourcecode.c.h; path = BPWebView.h; sourceTree = "<group>"; };
		4149D1E0219D590500955315 /* BPWebView.m */ = {isa = PBXFileReference; lastKnownFileType = sourcecode.c.objc; path = BPWebView.m; sourceTree = "<group>"; };
		4149D1E4219D59F600955315 /* Base.pch */ = {isa = PBXFileReference; lastKnownFileType = sourcecode.c.h; path = Base.pch; sourceTree = "<group>"; };
		4149D1E5219D5AAE00955315 /* BPBaseView.h */ = {isa = PBXFileReference; lastKnownFileType = sourcecode.c.h; path = BPBaseView.h; sourceTree = "<group>"; };
		4149D1E6219D5AAE00955315 /* BPBaseView.m */ = {isa = PBXFileReference; lastKnownFileType = sourcecode.c.objc; path = BPBaseView.m; sourceTree = "<group>"; };
		4149D1E8219D72D600955315 /* UIView+YYAdd.h */ = {isa = PBXFileReference; fileEncoding = 4; lastKnownFileType = sourcecode.c.h; path = "UIView+YYAdd.h"; sourceTree = "<group>"; };
		4149D1E9219D72D600955315 /* UIView+YYAdd.m */ = {isa = PBXFileReference; fileEncoding = 4; lastKnownFileType = sourcecode.c.objc; path = "UIView+YYAdd.m"; sourceTree = "<group>"; };
		4149D1EB219D730F00955315 /* YYCategoriesMacro.h */ = {isa = PBXFileReference; fileEncoding = 4; lastKnownFileType = sourcecode.c.h; path = YYCategoriesMacro.h; sourceTree = "<group>"; };
		417C34D421A25BD2005ABC3F /* BPAudioViewController.h */ = {isa = PBXFileReference; lastKnownFileType = sourcecode.c.h; path = BPAudioViewController.h; sourceTree = "<group>"; };
		417C34D521A25BD2005ABC3F /* BPAudioViewController.m */ = {isa = PBXFileReference; lastKnownFileType = sourcecode.c.objc; path = BPAudioViewController.m; sourceTree = "<group>"; };
		417C34D721A25BFF005ABC3F /* BPAudioView.h */ = {isa = PBXFileReference; lastKnownFileType = sourcecode.c.h; path = BPAudioView.h; sourceTree = "<group>"; };
		417C34D821A25BFF005ABC3F /* BPAudioView.m */ = {isa = PBXFileReference; lastKnownFileType = sourcecode.c.objc; path = BPAudioView.m; sourceTree = "<group>"; };
		417C34DA21A25DCD005ABC3F /* BPIMAudioTCell.h */ = {isa = PBXFileReference; lastKnownFileType = sourcecode.c.h; path = BPIMAudioTCell.h; sourceTree = "<group>"; };
		417C34DB21A25DCD005ABC3F /* BPIMAudioTCell.m */ = {isa = PBXFileReference; lastKnownFileType = sourcecode.c.objc; path = BPIMAudioTCell.m; sourceTree = "<group>"; };
		417C34DD21A26107005ABC3F /* BPRecordAudioMgr.h */ = {isa = PBXFileReference; lastKnownFileType = sourcecode.c.h; path = BPRecordAudioMgr.h; sourceTree = "<group>"; };
		417C34DE21A26107005ABC3F /* BPRecordAudioMgr.m */ = {isa = PBXFileReference; lastKnownFileType = sourcecode.c.objc; path = BPRecordAudioMgr.m; sourceTree = "<group>"; };
		417C34E021A290E9005ABC3F /* BPPlayAudioMgr.h */ = {isa = PBXFileReference; lastKnownFileType = sourcecode.c.h; path = BPPlayAudioMgr.h; sourceTree = "<group>"; };
		417C34E121A290E9005ABC3F /* BPPlayAudioMgr.m */ = {isa = PBXFileReference; lastKnownFileType = sourcecode.c.objc; path = BPPlayAudioMgr.m; sourceTree = "<group>"; };
		6075CA425FB5D1E26B7CF65B /* Pods-BaseProject_OC.release.xcconfig */ = {isa = PBXFileReference; includeInIndex = 1; lastKnownFileType = text.xcconfig; name = "Pods-BaseProject_OC.release.xcconfig"; path = "Pods/Target Support Files/Pods-BaseProject_OC/Pods-BaseProject_OC.release.xcconfig"; sourceTree = "<group>"; };
		911D4A57038BD151E7B27275 /* Pods-BaseProject_OC.debug.xcconfig */ = {isa = PBXFileReference; includeInIndex = 1; lastKnownFileType = text.xcconfig; name = "Pods-BaseProject_OC.debug.xcconfig"; path = "Pods/Target Support Files/Pods-BaseProject_OC/Pods-BaseProject_OC.debug.xcconfig"; sourceTree = "<group>"; };
		F36577A255FB33F043086919 /* Pods_BaseProject_OCTests.framework */ = {isa = PBXFileReference; explicitFileType = wrapper.framework; includeInIndex = 0; path = Pods_BaseProject_OCTests.framework; sourceTree = BUILT_PRODUCTS_DIR; };
/* End PBXFileReference section */

/* Begin PBXFrameworksBuildPhase section */
		4149D160219D528200955315 /* Frameworks */ = {
			isa = PBXFrameworksBuildPhase;
			buildActionMask = 2147483647;
			files = (
				24DFA326E9C7BD42E23B07B1 /* Pods_BaseProject_OC.framework in Frameworks */,
			);
			runOnlyForDeploymentPostprocessing = 0;
		};
		4149D178219D528400955315 /* Frameworks */ = {
			isa = PBXFrameworksBuildPhase;
			buildActionMask = 2147483647;
			files = (
				99EF20E93222DDF813197BDE /* Pods_BaseProject_OCTests.framework in Frameworks */,
			);
			runOnlyForDeploymentPostprocessing = 0;
		};
		4149D183219D528400955315 /* Frameworks */ = {
			isa = PBXFrameworksBuildPhase;
			buildActionMask = 2147483647;
			files = (
				C691EC1850D93D40B58852DF /* Pods_BaseProject_OCUITests.framework in Frameworks */,
			);
			runOnlyForDeploymentPostprocessing = 0;
		};
/* End PBXFrameworksBuildPhase section */

/* Begin PBXGroup section */
		3206A888641B842344C052DA /* Frameworks */ = {
			isa = PBXGroup;
			children = (
				0CE22A258AD959775929CA30 /* Pods_BaseProject_OC.framework */,
				F36577A255FB33F043086919 /* Pods_BaseProject_OCTests.framework */,
				14B658A026F0F7D9613B791F /* Pods_BaseProject_OCUITests.framework */,
			);
			name = Frameworks;
			sourceTree = "<group>";
		};
		4149D15A219D528200955315 = {
			isa = PBXGroup;
			children = (
				4149D165219D528200955315 /* BaseProject_OC */,
				4149D17E219D528400955315 /* BaseProject_OCTests */,
				4149D189219D528400955315 /* BaseProject_OCUITests */,
				4149D164219D528200955315 /* Products */,
				FAFF9D29A8196E46D448B74D /* Pods */,
				3206A888641B842344C052DA /* Frameworks */,
			);
			sourceTree = "<group>";
		};
		4149D164219D528200955315 /* Products */ = {
			isa = PBXGroup;
			children = (
				4149D163219D528200955315 /* BaseProject_OC.app */,
				4149D17B219D528400955315 /* BaseProject_OCTests.xctest */,
				4149D186219D528400955315 /* BaseProject_OCUITests.xctest */,
			);
			name = Products;
			sourceTree = "<group>";
		};
		4149D165219D528200955315 /* BaseProject_OC */ = {
			isa = PBXGroup;
			children = (
				417C34D321A25BA7005ABC3F /* Audio */,
				4149D1D8219D579900955315 /* Base */,
				4149D1D7219D576B00955315 /* WebView */,
				4149D1D6219D576200955315 /* Router */,
				4149D166219D528200955315 /* AppDelegate.h */,
				4149D167219D528200955315 /* AppDelegate.m */,
				4149D169219D528200955315 /* ViewController.h */,
				4149D16A219D528200955315 /* ViewController.m */,
				4149D16C219D528200955315 /* Main.storyboard */,
				4149D16F219D528400955315 /* Assets.xcassets */,
				4149D171219D528400955315 /* LaunchScreen.storyboard */,
				4149D174219D528400955315 /* Info.plist */,
				4149D175219D528400955315 /* main.m */,
			);
			path = BaseProject_OC;
			sourceTree = "<group>";
		};
		4149D17E219D528400955315 /* BaseProject_OCTests */ = {
			isa = PBXGroup;
			children = (
				4149D17F219D528400955315 /* BaseProject_OCTests.m */,
				4149D181219D528400955315 /* Info.plist */,
			);
			path = BaseProject_OCTests;
			sourceTree = "<group>";
		};
		4149D189219D528400955315 /* BaseProject_OCUITests */ = {
			isa = PBXGroup;
			children = (
				4149D18A219D528400955315 /* BaseProject_OCUITests.m */,
				4149D18C219D528400955315 /* Info.plist */,
			);
			path = BaseProject_OCUITests;
			sourceTree = "<group>";
		};
		4149D1D6219D576200955315 /* Router */ = {
			isa = PBXGroup;
			children = (
			);
			path = Router;
			sourceTree = "<group>";
		};
		4149D1D7219D576B00955315 /* WebView */ = {
			isa = PBXGroup;
			children = (
				4149D1DC219D57CC00955315 /* BPWebViewController.h */,
				4149D1DD219D57CC00955315 /* BPWebViewController.m */,
				4149D1DF219D590500955315 /* BPWebView.h */,
				4149D1E0219D590500955315 /* BPWebView.m */,
			);
			path = WebView;
			sourceTree = "<group>";
		};
		4149D1D8219D579900955315 /* Base */ = {
			isa = PBXGroup;
			children = (
				4149D1D9219D57B200955315 /* BPBaseViewController.h */,
				4149D1DA219D57B200955315 /* BPBaseViewController.m */,
				4149D1E4219D59F600955315 /* Base.pch */,
				4149D1E5219D5AAE00955315 /* BPBaseView.h */,
				4149D1E6219D5AAE00955315 /* BPBaseView.m */,
				4149D1EB219D730F00955315 /* YYCategoriesMacro.h */,
				4149D1E8219D72D600955315 /* UIView+YYAdd.h */,
				4149D1E9219D72D600955315 /* UIView+YYAdd.m */,
			);
			path = Base;
			sourceTree = "<group>";
		};
		417C34D321A25BA7005ABC3F /* Audio */ = {
			isa = PBXGroup;
			children = (
				417C34D421A25BD2005ABC3F /* BPAudioViewController.h */,
				417C34D521A25BD2005ABC3F /* BPAudioViewController.m */,
				417C34D721A25BFF005ABC3F /* BPAudioView.h */,
				417C34D821A25BFF005ABC3F /* BPAudioView.m */,
				417C34DA21A25DCD005ABC3F /* BPIMAudioTCell.h */,
				417C34DB21A25DCD005ABC3F /* BPIMAudioTCell.m */,
				417C34DD21A26107005ABC3F /* BPRecordAudioMgr.h */,
				417C34DE21A26107005ABC3F /* BPRecordAudioMgr.m */,
				417C34E021A290E9005ABC3F /* BPPlayAudioMgr.h */,
				417C34E121A290E9005ABC3F /* BPPlayAudioMgr.m */,
			);
			path = Audio;
			sourceTree = "<group>";
		};
		FAFF9D29A8196E46D448B74D /* Pods */ = {
			isa = PBXGroup;
			children = (
				911D4A57038BD151E7B27275 /* Pods-BaseProject_OC.debug.xcconfig */,
				6075CA425FB5D1E26B7CF65B /* Pods-BaseProject_OC.release.xcconfig */,
				1B7416214C1F2E40CB0E1753 /* Pods-BaseProject_OCTests.debug.xcconfig */,
				2CBE1E9A2D6DBE69A52BC515 /* Pods-BaseProject_OCTests.release.xcconfig */,
				362B8F6BF7A7CCD1271ADA96 /* Pods-BaseProject_OCUITests.debug.xcconfig */,
				3841D716992B2ED7202C028A /* Pods-BaseProject_OCUITests.release.xcconfig */,
			);
			name = Pods;
			sourceTree = "<group>";
		};
/* End PBXGroup section */

/* Begin PBXNativeTarget section */
		4149D162219D528200955315 /* BaseProject_OC */ = {
			isa = PBXNativeTarget;
			buildConfigurationList = 4149D18F219D528400955315 /* Build configuration list for PBXNativeTarget "BaseProject_OC" */;
			buildPhases = (
				6060B5EE8D0EEA079D372C69 /* [CP] Check Pods Manifest.lock */,
				4149D15F219D528200955315 /* Sources */,
				4149D160219D528200955315 /* Frameworks */,
				4149D161219D528200955315 /* Resources */,
				02D960865C46FFB9C74BD01E /* [CP] Embed Pods Frameworks */,
				A0CEC893C4F1862D67803342 /* [CP] Copy Pods Resources */,
			);
			buildRules = (
			);
			dependencies = (
			);
			name = BaseProject_OC;
			productName = BaseProject_OC;
			productReference = 4149D163219D528200955315 /* BaseProject_OC.app */;
			productType = "com.apple.product-type.application";
		};
		4149D17A219D528400955315 /* BaseProject_OCTests */ = {
			isa = PBXNativeTarget;
			buildConfigurationList = 4149D192219D528400955315 /* Build configuration list for PBXNativeTarget "BaseProject_OCTests" */;
			buildPhases = (
				24D62AE6B610C832722D7D6D /* [CP] Check Pods Manifest.lock */,
				4149D177219D528400955315 /* Sources */,
				4149D178219D528400955315 /* Frameworks */,
				4149D179219D528400955315 /* Resources */,
				5A1F22956E23096C3BB51F0C /* [CP] Embed Pods Frameworks */,
				7027E37541FBCC8CD1DB4AEA /* [CP] Copy Pods Resources */,
			);
			buildRules = (
			);
			dependencies = (
				4149D17D219D528400955315 /* PBXTargetDependency */,
			);
			name = BaseProject_OCTests;
			productName = BaseProject_OCTests;
			productReference = 4149D17B219D528400955315 /* BaseProject_OCTests.xctest */;
			productType = "com.apple.product-type.bundle.unit-test";
		};
		4149D185219D528400955315 /* BaseProject_OCUITests */ = {
			isa = PBXNativeTarget;
			buildConfigurationList = 4149D195219D528400955315 /* Build configuration list for PBXNativeTarget "BaseProject_OCUITests" */;
			buildPhases = (
				55073CB5BA3E18B26012E18B /* [CP] Check Pods Manifest.lock */,
				4149D182219D528400955315 /* Sources */,
				4149D183219D528400955315 /* Frameworks */,
				4149D184219D528400955315 /* Resources */,
				8173BDEF9E74C4358705189E /* [CP] Embed Pods Frameworks */,
				C1D09D07259AAE997F636B9D /* [CP] Copy Pods Resources */,
			);
			buildRules = (
			);
			dependencies = (
				4149D188219D528400955315 /* PBXTargetDependency */,
			);
			name = BaseProject_OCUITests;
			productName = BaseProject_OCUITests;
			productReference = 4149D186219D528400955315 /* BaseProject_OCUITests.xctest */;
			productType = "com.apple.product-type.bundle.ui-testing";
		};
/* End PBXNativeTarget section */

/* Begin PBXProject section */
		4149D15B219D528200955315 /* Project object */ = {
			isa = PBXProject;
			attributes = {
				LastUpgradeCheck = 1010;
				ORGANIZATIONNAME = Aka;
				TargetAttributes = {
					4149D162219D528200955315 = {
						CreatedOnToolsVersion = 10.1;
					};
					4149D17A219D528400955315 = {
						CreatedOnToolsVersion = 10.1;
						TestTargetID = 4149D162219D528200955315;
					};
					4149D185219D528400955315 = {
						CreatedOnToolsVersion = 10.1;
						TestTargetID = 4149D162219D528200955315;
					};
				};
			};
			buildConfigurationList = 4149D15E219D528200955315 /* Build configuration list for PBXProject "BaseProject_OC" */;
			compatibilityVersion = "Xcode 9.3";
			developmentRegion = en;
			hasScannedForEncodings = 0;
			knownRegions = (
				en,
				Base,
			);
			mainGroup = 4149D15A219D528200955315;
			productRefGroup = 4149D164219D528200955315 /* Products */;
			projectDirPath = "";
			projectRoot = "";
			targets = (
				4149D162219D528200955315 /* BaseProject_OC */,
				4149D17A219D528400955315 /* BaseProject_OCTests */,
				4149D185219D528400955315 /* BaseProject_OCUITests */,
			);
		};
/* End PBXProject section */

/* Begin PBXResourcesBuildPhase section */
		4149D161219D528200955315 /* Resources */ = {
			isa = PBXResourcesBuildPhase;
			buildActionMask = 2147483647;
			files = (
				4149D173219D528400955315 /* LaunchScreen.storyboard in Resources */,
				4149D170219D528400955315 /* Assets.xcassets in Resources */,
				4149D16E219D528200955315 /* Main.storyboard in Resources */,
			);
			runOnlyForDeploymentPostprocessing = 0;
		};
		4149D179219D528400955315 /* Resources */ = {
			isa = PBXResourcesBuildPhase;
			buildActionMask = 2147483647;
			files = (
			);
			runOnlyForDeploymentPostprocessing = 0;
		};
		4149D184219D528400955315 /* Resources */ = {
			isa = PBXResourcesBuildPhase;
			buildActionMask = 2147483647;
			files = (
			);
			runOnlyForDeploymentPostprocessing = 0;
		};
/* End PBXResourcesBuildPhase section */

/* Begin PBXShellScriptBuildPhase section */
		02D960865C46FFB9C74BD01E /* [CP] Embed Pods Frameworks */ = {
			isa = PBXShellScriptBuildPhase;
			buildActionMask = 2147483647;
			files = (
			);
			inputPaths = (
			);
			name = "[CP] Embed Pods Frameworks";
			outputPaths = (
			);
			runOnlyForDeploymentPostprocessing = 0;
			shellPath = /bin/sh;
			shellScript = "\"${SRCROOT}/Pods/Target Support Files/Pods-BaseProject_OC/Pods-BaseProject_OC-frameworks.sh\"\n";
			showEnvVarsInLog = 0;
		};
		24D62AE6B610C832722D7D6D /* [CP] Check Pods Manifest.lock */ = {
			isa = PBXShellScriptBuildPhase;
			buildActionMask = 2147483647;
			files = (
			);
			inputPaths = (
			);
			name = "[CP] Check Pods Manifest.lock";
			outputPaths = (
			);
			runOnlyForDeploymentPostprocessing = 0;
			shellPath = /bin/sh;
			shellScript = "diff \"${PODS_PODFILE_DIR_PATH}/Podfile.lock\" \"${PODS_ROOT}/Manifest.lock\" > /dev/null\nif [ $? != 0 ] ; then\n    # print error to STDERR\n    echo \"error: The sandbox is not in sync with the Podfile.lock. Run 'pod install' or update your CocoaPods installation.\" >&2\n    exit 1\nfi\n";
			showEnvVarsInLog = 0;
		};
		55073CB5BA3E18B26012E18B /* [CP] Check Pods Manifest.lock */ = {
			isa = PBXShellScriptBuildPhase;
			buildActionMask = 2147483647;
			files = (
			);
			inputPaths = (
			);
			name = "[CP] Check Pods Manifest.lock";
			outputPaths = (
			);
			runOnlyForDeploymentPostprocessing = 0;
			shellPath = /bin/sh;
			shellScript = "diff \"${PODS_PODFILE_DIR_PATH}/Podfile.lock\" \"${PODS_ROOT}/Manifest.lock\" > /dev/null\nif [ $? != 0 ] ; then\n    # print error to STDERR\n    echo \"error: The sandbox is not in sync with the Podfile.lock. Run 'pod install' or update your CocoaPods installation.\" >&2\n    exit 1\nfi\n";
			showEnvVarsInLog = 0;
		};
		5A1F22956E23096C3BB51F0C /* [CP] Embed Pods Frameworks */ = {
			isa = PBXShellScriptBuildPhase;
			buildActionMask = 2147483647;
			files = (
			);
			inputPaths = (
			);
			name = "[CP] Embed Pods Frameworks";
			outputPaths = (
			);
			runOnlyForDeploymentPostprocessing = 0;
			shellPath = /bin/sh;
			shellScript = "\"${SRCROOT}/Pods/Target Support Files/Pods-BaseProject_OCTests/Pods-BaseProject_OCTests-frameworks.sh\"\n";
			showEnvVarsInLog = 0;
		};
		6060B5EE8D0EEA079D372C69 /* [CP] Check Pods Manifest.lock */ = {
			isa = PBXShellScriptBuildPhase;
			buildActionMask = 2147483647;
			files = (
			);
			inputPaths = (
			);
			name = "[CP] Check Pods Manifest.lock";
			outputPaths = (
			);
			runOnlyForDeploymentPostprocessing = 0;
			shellPath = /bin/sh;
			shellScript = "diff \"${PODS_PODFILE_DIR_PATH}/Podfile.lock\" \"${PODS_ROOT}/Manifest.lock\" > /dev/null\nif [ $? != 0 ] ; then\n    # print error to STDERR\n    echo \"error: The sandbox is not in sync with the Podfile.lock. Run 'pod install' or update your CocoaPods installation.\" >&2\n    exit 1\nfi\n";
			showEnvVarsInLog = 0;
		};
		7027E37541FBCC8CD1DB4AEA /* [CP] Copy Pods Resources */ = {
			isa = PBXShellScriptBuildPhase;
			buildActionMask = 2147483647;
			files = (
			);
			inputPaths = (
			);
			name = "[CP] Copy Pods Resources";
			outputPaths = (
			);
			runOnlyForDeploymentPostprocessing = 0;
			shellPath = /bin/sh;
			shellScript = "\"${SRCROOT}/Pods/Target Support Files/Pods-BaseProject_OCTests/Pods-BaseProject_OCTests-resources.sh\"\n";
			showEnvVarsInLog = 0;
		};
		8173BDEF9E74C4358705189E /* [CP] Embed Pods Frameworks */ = {
			isa = PBXShellScriptBuildPhase;
			buildActionMask = 2147483647;
			files = (
			);
			inputPaths = (
			);
			name = "[CP] Embed Pods Frameworks";
			outputPaths = (
			);
			runOnlyForDeploymentPostprocessing = 0;
			shellPath = /bin/sh;
			shellScript = "\"${SRCROOT}/Pods/Target Support Files/Pods-BaseProject_OCUITests/Pods-BaseProject_OCUITests-frameworks.sh\"\n";
			showEnvVarsInLog = 0;
		};
		A0CEC893C4F1862D67803342 /* [CP] Copy Pods Resources */ = {
			isa = PBXShellScriptBuildPhase;
			buildActionMask = 2147483647;
			files = (
			);
			inputPaths = (
			);
			name = "[CP] Copy Pods Resources";
			outputPaths = (
			);
			runOnlyForDeploymentPostprocessing = 0;
			shellPath = /bin/sh;
			shellScript = "\"${SRCROOT}/Pods/Target Support Files/Pods-BaseProject_OC/Pods-BaseProject_OC-resources.sh\"\n";
			showEnvVarsInLog = 0;
		};
		C1D09D07259AAE997F636B9D /* [CP] Copy Pods Resources */ = {
			isa = PBXShellScriptBuildPhase;
			buildActionMask = 2147483647;
			files = (
			);
			inputPaths = (
			);
			name = "[CP] Copy Pods Resources";
			outputPaths = (
			);
			runOnlyForDeploymentPostprocessing = 0;
			shellPath = /bin/sh;
			shellScript = "\"${SRCROOT}/Pods/Target Support Files/Pods-BaseProject_OCUITests/Pods-BaseProject_OCUITests-resources.sh\"\n";
			showEnvVarsInLog = 0;
		};
/* End PBXShellScriptBuildPhase section */

/* Begin PBXSourcesBuildPhase section */
		4149D15F219D528200955315 /* Sources */ = {
			isa = PBXSourcesBuildPhase;
			buildActionMask = 2147483647;
			files = (
				4149D1EA219D72D600955315 /* UIView+YYAdd.m in Sources */,
				417C34DC21A25DCD005ABC3F /* BPIMAudioTCell.m in Sources */,
				417C34D621A25BD2005ABC3F /* BPAudioViewController.m in Sources */,
				4149D16B219D528200955315 /* ViewController.m in Sources */,
				417C34D921A25BFF005ABC3F /* BPAudioView.m in Sources */,
				417C34E221A290E9005ABC3F /* BPPlayAudioMgr.m in Sources */,
				4149D1DE219D57CC00955315 /* BPWebViewController.m in Sources */,
				4149D1E7219D5AAE00955315 /* BPBaseView.m in Sources */,
				4149D1DB219D57B200955315 /* BPBaseViewController.m in Sources */,
				4149D176219D528400955315 /* main.m in Sources */,
				4149D168219D528200955315 /* AppDelegate.m in Sources */,
				417C34DF21A26107005ABC3F /* BPRecordAudioMgr.m in Sources */,
				4149D1E1219D590500955315 /* BPWebView.m in Sources */,
			);
			runOnlyForDeploymentPostprocessing = 0;
		};
		4149D177219D528400955315 /* Sources */ = {
			isa = PBXSourcesBuildPhase;
			buildActionMask = 2147483647;
			files = (
				4149D180219D528400955315 /* BaseProject_OCTests.m in Sources */,
			);
			runOnlyForDeploymentPostprocessing = 0;
		};
		4149D182219D528400955315 /* Sources */ = {
			isa = PBXSourcesBuildPhase;
			buildActionMask = 2147483647;
			files = (
				4149D18B219D528400955315 /* BaseProject_OCUITests.m in Sources */,
			);
			runOnlyForDeploymentPostprocessing = 0;
		};
/* End PBXSourcesBuildPhase section */

/* Begin PBXTargetDependency section */
		4149D17D219D528400955315 /* PBXTargetDependency */ = {
			isa = PBXTargetDependency;
			target = 4149D162219D528200955315 /* BaseProject_OC */;
			targetProxy = 4149D17C219D528400955315 /* PBXContainerItemProxy */;
		};
		4149D188219D528400955315 /* PBXTargetDependency */ = {
			isa = PBXTargetDependency;
			target = 4149D162219D528200955315 /* BaseProject_OC */;
			targetProxy = 4149D187219D528400955315 /* PBXContainerItemProxy */;
		};
/* End PBXTargetDependency section */

/* Begin PBXVariantGroup section */
		4149D16C219D528200955315 /* Main.storyboard */ = {
			isa = PBXVariantGroup;
			children = (
				4149D16D219D528200955315 /* Base */,
			);
			name = Main.storyboard;
			sourceTree = "<group>";
		};
		4149D171219D528400955315 /* LaunchScreen.storyboard */ = {
			isa = PBXVariantGroup;
			children = (
				4149D172219D528400955315 /* Base */,
			);
			name = LaunchScreen.storyboard;
			sourceTree = "<group>";
		};
/* End PBXVariantGroup section */

/* Begin XCBuildConfiguration section */
		4149D18D219D528400955315 /* Debug */ = {
			isa = XCBuildConfiguration;
			buildSettings = {
				ALWAYS_SEARCH_USER_PATHS = NO;
				CLANG_ANALYZER_NONNULL = YES;
				CLANG_ANALYZER_NUMBER_OBJECT_CONVERSION = YES_AGGRESSIVE;
				CLANG_CXX_LANGUAGE_STANDARD = "gnu++14";
				CLANG_CXX_LIBRARY = "libc++";
				CLANG_ENABLE_MODULES = YES;
				CLANG_ENABLE_OBJC_ARC = YES;
				CLANG_ENABLE_OBJC_WEAK = YES;
				CLANG_WARN_BLOCK_CAPTURE_AUTORELEASING = YES;
				CLANG_WARN_BOOL_CONVERSION = YES;
				CLANG_WARN_COMMA = YES;
				CLANG_WARN_CONSTANT_CONVERSION = YES;
				CLANG_WARN_DEPRECATED_OBJC_IMPLEMENTATIONS = YES;
				CLANG_WARN_DIRECT_OBJC_ISA_USAGE = YES_ERROR;
				CLANG_WARN_DOCUMENTATION_COMMENTS = YES;
				CLANG_WARN_EMPTY_BODY = YES;
				CLANG_WARN_ENUM_CONVERSION = YES;
				CLANG_WARN_INFINITE_RECURSION = YES;
				CLANG_WARN_INT_CONVERSION = YES;
				CLANG_WARN_NON_LITERAL_NULL_CONVERSION = YES;
				CLANG_WARN_OBJC_IMPLICIT_RETAIN_SELF = YES;
				CLANG_WARN_OBJC_LITERAL_CONVERSION = YES;
				CLANG_WARN_OBJC_ROOT_CLASS = YES_ERROR;
				CLANG_WARN_RANGE_LOOP_ANALYSIS = YES;
				CLANG_WARN_STRICT_PROTOTYPES = YES;
				CLANG_WARN_SUSPICIOUS_MOVE = YES;
				CLANG_WARN_UNGUARDED_AVAILABILITY = YES_AGGRESSIVE;
				CLANG_WARN_UNREACHABLE_CODE = YES;
				CLANG_WARN__DUPLICATE_METHOD_MATCH = YES;
				CODE_SIGN_IDENTITY = "iPhone Developer";
				COPY_PHASE_STRIP = NO;
				DEBUG_INFORMATION_FORMAT = dwarf;
				ENABLE_STRICT_OBJC_MSGSEND = YES;
				ENABLE_TESTABILITY = YES;
				GCC_C_LANGUAGE_STANDARD = gnu11;
				GCC_DYNAMIC_NO_PIC = NO;
				GCC_NO_COMMON_BLOCKS = YES;
				GCC_OPTIMIZATION_LEVEL = 0;
				GCC_PREPROCESSOR_DEFINITIONS = (
					"DEBUG=1",
					"$(inherited)",
				);
				GCC_WARN_64_TO_32_BIT_CONVERSION = YES;
				GCC_WARN_ABOUT_RETURN_TYPE = YES_ERROR;
				GCC_WARN_UNDECLARED_SELECTOR = YES;
				GCC_WARN_UNINITIALIZED_AUTOS = YES_AGGRESSIVE;
				GCC_WARN_UNUSED_FUNCTION = YES;
				GCC_WARN_UNUSED_VARIABLE = YES;
				IPHONEOS_DEPLOYMENT_TARGET = 12.1;
				MTL_ENABLE_DEBUG_INFO = INCLUDE_SOURCE;
				MTL_FAST_MATH = YES;
				ONLY_ACTIVE_ARCH = YES;
				SDKROOT = iphoneos;
			};
			name = Debug;
		};
		4149D18E219D528400955315 /* Release */ = {
			isa = XCBuildConfiguration;
			buildSettings = {
				ALWAYS_SEARCH_USER_PATHS = NO;
				CLANG_ANALYZER_NONNULL = YES;
				CLANG_ANALYZER_NUMBER_OBJECT_CONVERSION = YES_AGGRESSIVE;
				CLANG_CXX_LANGUAGE_STANDARD = "gnu++14";
				CLANG_CXX_LIBRARY = "libc++";
				CLANG_ENABLE_MODULES = YES;
				CLANG_ENABLE_OBJC_ARC = YES;
				CLANG_ENABLE_OBJC_WEAK = YES;
				CLANG_WARN_BLOCK_CAPTURE_AUTORELEASING = YES;
				CLANG_WARN_BOOL_CONVERSION = YES;
				CLANG_WARN_COMMA = YES;
				CLANG_WARN_CONSTANT_CONVERSION = YES;
				CLANG_WARN_DEPRECATED_OBJC_IMPLEMENTATIONS = YES;
				CLANG_WARN_DIRECT_OBJC_ISA_USAGE = YES_ERROR;
				CLANG_WARN_DOCUMENTATION_COMMENTS = YES;
				CLANG_WARN_EMPTY_BODY = YES;
				CLANG_WARN_ENUM_CONVERSION = YES;
				CLANG_WARN_INFINITE_RECURSION = YES;
				CLANG_WARN_INT_CONVERSION = YES;
				CLANG_WARN_NON_LITERAL_NULL_CONVERSION = YES;
				CLANG_WARN_OBJC_IMPLICIT_RETAIN_SELF = YES;
				CLANG_WARN_OBJC_LITERAL_CONVERSION = YES;
				CLANG_WARN_OBJC_ROOT_CLASS = YES_ERROR;
				CLANG_WARN_RANGE_LOOP_ANALYSIS = YES;
				CLANG_WARN_STRICT_PROTOTYPES = YES;
				CLANG_WARN_SUSPICIOUS_MOVE = YES;
				CLANG_WARN_UNGUARDED_AVAILABILITY = YES_AGGRESSIVE;
				CLANG_WARN_UNREACHABLE_CODE = YES;
				CLANG_WARN__DUPLICATE_METHOD_MATCH = YES;
				CODE_SIGN_IDENTITY = "iPhone Developer";
				COPY_PHASE_STRIP = NO;
				DEBUG_INFORMATION_FORMAT = "dwarf-with-dsym";
				ENABLE_NS_ASSERTIONS = NO;
				ENABLE_STRICT_OBJC_MSGSEND = YES;
				GCC_C_LANGUAGE_STANDARD = gnu11;
				GCC_NO_COMMON_BLOCKS = YES;
				GCC_WARN_64_TO_32_BIT_CONVERSION = YES;
				GCC_WARN_ABOUT_RETURN_TYPE = YES_ERROR;
				GCC_WARN_UNDECLARED_SELECTOR = YES;
				GCC_WARN_UNINITIALIZED_AUTOS = YES_AGGRESSIVE;
				GCC_WARN_UNUSED_FUNCTION = YES;
				GCC_WARN_UNUSED_VARIABLE = YES;
				IPHONEOS_DEPLOYMENT_TARGET = 12.1;
				MTL_ENABLE_DEBUG_INFO = NO;
				MTL_FAST_MATH = YES;
				SDKROOT = iphoneos;
				VALIDATE_PRODUCT = YES;
			};
			name = Release;
		};
		4149D190219D528400955315 /* Debug */ = {
			isa = XCBuildConfiguration;
			baseConfigurationReference = 911D4A57038BD151E7B27275 /* Pods-BaseProject_OC.debug.xcconfig */;
			buildSettings = {
				ASSETCATALOG_COMPILER_APPICON_NAME = AppIcon;
				CODE_SIGN_STYLE = Automatic;
				GCC_PREFIX_HEADER = "$(PROJECT_ROOT)$(PROJECT)/Base/Base.pch";
				INFOPLIST_FILE = BaseProject_OC/Info.plist;
				IPHONEOS_DEPLOYMENT_TARGET = 8.0;
				LD_RUNPATH_SEARCH_PATHS = (
					"$(inherited)",
					"@executable_path/Frameworks",
				);
				PRODUCT_BUNDLE_IDENTIFIER = "com.helinyu.music.BaseProject-OC";
				PRODUCT_NAME = "$(TARGET_NAME)";
				TARGETED_DEVICE_FAMILY = "1,2";
			};
			name = Debug;
		};
		4149D191219D528400955315 /* Release */ = {
			isa = XCBuildConfiguration;
			baseConfigurationReference = 6075CA425FB5D1E26B7CF65B /* Pods-BaseProject_OC.release.xcconfig */;
			buildSettings = {
				ASSETCATALOG_COMPILER_APPICON_NAME = AppIcon;
				CODE_SIGN_STYLE = Automatic;
				GCC_PREFIX_HEADER = "$(PROJECT_ROOT)$(PROJECT)/Base/Base.pch";
				INFOPLIST_FILE = BaseProject_OC/Info.plist;
				IPHONEOS_DEPLOYMENT_TARGET = 8.0;
				LD_RUNPATH_SEARCH_PATHS = (
					"$(inherited)",
					"@executable_path/Frameworks",
				);
				PRODUCT_BUNDLE_IDENTIFIER = "com.helinyu.music.BaseProject-OC";
				PRODUCT_NAME = "$(TARGET_NAME)";
				TARGETED_DEVICE_FAMILY = "1,2";
			};
			name = Release;
		};
		4149D193219D528400955315 /* Debug */ = {
			isa = XCBuildConfiguration;
			baseConfigurationReference = 1B7416214C1F2E40CB0E1753 /* Pods-BaseProject_OCTests.debug.xcconfig */;
			buildSettings = {
				BUNDLE_LOADER = "$(TEST_HOST)";
				CODE_SIGN_STYLE = Automatic;
				INFOPLIST_FILE = BaseProject_OCTests/Info.plist;
				LD_RUNPATH_SEARCH_PATHS = (
					"$(inherited)",
					"@executable_path/Frameworks",
					"@loader_path/Frameworks",
				);
				PRODUCT_BUNDLE_IDENTIFIER = "com.helinyu.music.BaseProject-OCTests";
				PRODUCT_NAME = "$(TARGET_NAME)";
				TARGETED_DEVICE_FAMILY = "1,2";
				TEST_HOST = "$(BUILT_PRODUCTS_DIR)/BaseProject_OC.app/BaseProject_OC";
			};
			name = Debug;
		};
		4149D194219D528400955315 /* Release */ = {
			isa = XCBuildConfiguration;
			baseConfigurationReference = 2CBE1E9A2D6DBE69A52BC515 /* Pods-BaseProject_OCTests.release.xcconfig */;
			buildSettings = {
				BUNDLE_LOADER = "$(TEST_HOST)";
				CODE_SIGN_STYLE = Automatic;
				INFOPLIST_FILE = BaseProject_OCTests/Info.plist;
				LD_RUNPATH_SEARCH_PATHS = (
					"$(inherited)",
					"@executable_path/Frameworks",
					"@loader_path/Frameworks",
				);
				PRODUCT_BUNDLE_IDENTIFIER = "com.helinyu.music.BaseProject-OCTests";
				PRODUCT_NAME = "$(TARGET_NAME)";
				TARGETED_DEVICE_FAMILY = "1,2";
				TEST_HOST = "$(BUILT_PRODUCTS_DIR)/BaseProject_OC.app/BaseProject_OC";
			};
			name = Release;
		};
		4149D196219D528400955315 /* Debug */ = {
			isa = XCBuildConfiguration;
			baseConfigurationReference = 362B8F6BF7A7CCD1271ADA96 /* Pods-BaseProject_OCUITests.debug.xcconfig */;
			buildSettings = {
				CODE_SIGN_STYLE = Automatic;
				INFOPLIST_FILE = BaseProject_OCUITests/Info.plist;
				LD_RUNPATH_SEARCH_PATHS = (
					"$(inherited)",
					"@executable_path/Frameworks",
					"@loader_path/Frameworks",
				);
				PRODUCT_BUNDLE_IDENTIFIER = "com.helinyu.music.BaseProject-OCUITests";
				PRODUCT_NAME = "$(TARGET_NAME)";
				TARGETED_DEVICE_FAMILY = "1,2";
				TEST_TARGET_NAME = BaseProject_OC;
			};
			name = Debug;
		};
		4149D197219D528400955315 /* Release */ = {
			isa = XCBuildConfiguration;
			baseConfigurationReference = 3841D716992B2ED7202C028A /* Pods-BaseProject_OCUITests.release.xcconfig */;
			buildSettings = {
				CODE_SIGN_STYLE = Automatic;
				INFOPLIST_FILE = BaseProject_OCUITests/Info.plist;
				LD_RUNPATH_SEARCH_PATHS = (
					"$(inherited)",
					"@executable_path/Frameworks",
					"@loader_path/Frameworks",
				);
				PRODUCT_BUNDLE_IDENTIFIER = "com.helinyu.music.BaseProject-OCUITests";
				PRODUCT_NAME = "$(TARGET_NAME)";
				TARGETED_DEVICE_FAMILY = "1,2";
				TEST_TARGET_NAME = BaseProject_OC;
			};
			name = Release;
		};
/* End XCBuildConfiguration section */

/* Begin XCConfigurationList section */
		4149D15E219D528200955315 /* Build configuration list for PBXProject "BaseProject_OC" */ = {
			isa = XCConfigurationList;
			buildConfigurations = (
				4149D18D219D528400955315 /* Debug */,
				4149D18E219D528400955315 /* Release */,
			);
			defaultConfigurationIsVisible = 0;
			defaultConfigurationName = Release;
		};
		4149D18F219D528400955315 /* Build configuration list for PBXNativeTarget "BaseProject_OC" */ = {
			isa = XCConfigurationList;
			buildConfigurations = (
				4149D190219D528400955315 /* Debug */,
				4149D191219D528400955315 /* Release */,
			);
			defaultConfigurationIsVisible = 0;
			defaultConfigurationName = Release;
		};
		4149D192219D528400955315 /* Build configuration list for PBXNativeTarget "BaseProject_OCTests" */ = {
			isa = XCConfigurationList;
			buildConfigurations = (
				4149D193219D528400955315 /* Debug */,
				4149D194219D528400955315 /* Release */,
			);
			defaultConfigurationIsVisible = 0;
			defaultConfigurationName = Release;
		};
		4149D195219D528400955315 /* Build configuration list for PBXNativeTarget "BaseProject_OCUITests" */ = {
			isa = XCConfigurationList;
			buildConfigurations = (
				4149D196219D528400955315 /* Debug */,
				4149D197219D528400955315 /* Release */,
			);
			defaultConfigurationIsVisible = 0;
			defaultConfigurationName = Release;
		};
/* End XCConfigurationList section */
	};
	rootObject = 4149D15B219D528200955315 /* Project object */;
}
